
Microsoft Visual Studio Solution File, Format Version 12.00
# Visual Studio Version 16
VisualStudioVersion = 16.0.30611.23
MinimumVisualStudioVersion = 10.0.40219.1
Project("{FAE04EC0-301F-11D3-BF4B-00C04F79EFBC}") = "Hafta4.1", "Hafta4.1.csproj", "{FDC16D52-8ED3-4744-B292-C18A0C8F3F32}"
EndProject
Global
	GlobalSection(SolutionConfigurationPlatforms) = preSolution
		Debug|Any CPU = Debug|Any CPU
		Release|Any CPU = Release|Any CPU
	EndGlobalSection
	GlobalSection(ProjectConfigurationPlatforms) = postSolution
		{FDC16D52-8ED3-4744-B292-C18A0C8F3F32}.Debug|Any CPU.ActiveCfg = Debug|Any CPU
		{FDC16D52-8ED3-4744-B292-C18A0C8F3F32}.Debug|Any CPU.Build.0 = Debug|Any CPU
		{FDC16D52-8ED3-4744-B292-C18A0C8F3F32}.Release|Any CPU.ActiveCfg = Release|Any CPU
		{FDC16D52-8ED3-4744-B292-C18A0C8F3F32}.Release|Any CPU.Build.0 = Release|Any CPU
	EndGlobalSection
	GlobalSection(SolutionProperties) = preSolution
		HideSolutionNode = FALSE
	EndGlobalSection
	GlobalSection(ExtensibilityGlobals) = postSolution
		SolutionGuid = {E849BB3C-ED96-4A7D-BD73-52476BA6B82A}
	EndGlobalSection
EndGlobal
