
Microsoft Visual Studio Solution File, Format Version 12.00
# Visual Studio Version 16
VisualStudioVersion = 16.0.30611.23
MinimumVisualStudioVersion = 10.0.40219.1
Project("{FAE04EC0-301F-11D3-BF4B-00C04F79EFBC}") = "Hafta3", "Hafta3.csproj", "{231DD284-1CE1-4FA2-8369-79C34CD84A7D}"
EndProject
Global
	GlobalSection(SolutionConfigurationPlatforms) = preSolution
		Debug|Any CPU = Debug|Any CPU
		Release|Any CPU = Release|Any CPU
	EndGlobalSection
	GlobalSection(ProjectConfigurationPlatforms) = postSolution
		{231DD284-1CE1-4FA2-8369-79C34CD84A7D}.Debug|Any CPU.ActiveCfg = Debug|Any CPU
		{231DD284-1CE1-4FA2-8369-79C34CD84A7D}.Debug|Any CPU.Build.0 = Debug|Any CPU
		{231DD284-1CE1-4FA2-8369-79C34CD84A7D}.Release|Any CPU.ActiveCfg = Release|Any CPU
		{231DD284-1CE1-4FA2-8369-79C34CD84A7D}.Release|Any CPU.Build.0 = Release|Any CPU
	EndGlobalSection
	GlobalSection(SolutionProperties) = preSolution
		HideSolutionNode = FALSE
	EndGlobalSection
	GlobalSection(ExtensibilityGlobals) = postSolution
		SolutionGuid = {03FF7485-1CFD-409A-8276-4DF1F2E86C02}
	EndGlobalSection
EndGlobal
